
Microsoft Visual Studio Solution File, Format Version 12.00
# Visual Studio Version 17
VisualStudioVersion = 17.0.31903.59
MinimumVisualStudioVersion = 10.0.40219.1
Project("{FAE04EC0-301F-11D3-BF4B-00C04F79EFBC}") = "SGRH.Api", "SGRH.Api\SGRH.Api.csproj", "{93693E67-A190-4866-9C62-BE8E2D186D1F}"
EndProject
Project("{FAE04EC0-301F-11D3-BF4B-00C04F79EFBC}") = "SGRH.Application", "SGRH.Application\SGRH.Application.csproj", "{DFB670E2-E260-42B1-B092-413DFA87D904}"
EndProject
Project("{FAE04EC0-301F-11D3-BF4B-00C04F79EFBC}") = "SGRH.Domain", "SGRH.Domain\SGRH.Domain.csproj", "{8A4013EE-85F1-4316-999B-339502C97F25}"
EndProject
Project("{FAE04EC0-301F-11D3-BF4B-00C04F79EFBC}") = "SGRH.Auth", "SGRH.Auth\SGRH.Auth.csproj", "{24E83595-A97B-45B2-9246-8FA73760AFA5}"
EndProject
Project("{FAE04EC0-301F-11D3-BF4B-00C04F79EFBC}") = "SGRH.Infrastructure", "SGRH.Infrastructure\SGRH.Infrastructure.csproj", "{47AE14EE-C403-4B01-8EAA-E4E061CC07A8}"
EndProject
Project("{2150E333-8FDC-42A3-9474-1A3956D46DE8}") = "SGRH.Desktop", "SGRH.Desktop", "{E4FD946A-1DB7-34F5-9FBF-060151E9D59B}"
EndProject
Project("{FAE04EC0-301F-11D3-BF4B-00C04F79EFBC}") = "SGRH.Desktop", "SGRH.Desktop\SGRH.Desktop\SGRH.Desktop.csproj", "{02CDD0F5-7405-4A91-9369-CADAC8258883}"
EndProject
Project("{2150E333-8FDC-42A3-9474-1A3956D46DE8}") = "SGRH.Web", "SGRH.Web", "{D74C04FC-88FE-FA6C-EDB0-73BEB01605A3}"
EndProject
Project("{FAE04EC0-301F-11D3-BF4B-00C04F79EFBC}") = "SGRH.Web", "SGRH.Web\SGRH.Web\SGRH.Web.csproj", "{247124FF-EF1E-43E8-AACD-69D2E1E5D6DA}"
EndProject
Global
	GlobalSection(SolutionConfigurationPlatforms) = preSolution
		Debug|Any CPU = Debug|Any CPU
		Debug|x64 = Debug|x64
		Debug|x86 = Debug|x86
		Release|Any CPU = Release|Any CPU
		Release|x64 = Release|x64
		Release|x86 = Release|x86
	EndGlobalSection
	GlobalSection(ProjectConfigurationPlatforms) = postSolution
		{93693E67-A190-4866-9C62-BE8E2D186D1F}.Debug|Any CPU.ActiveCfg = Debug|Any CPU
		{93693E67-A190-4866-9C62-BE8E2D186D1F}.Debug|Any CPU.Build.0 = Debug|Any CPU
		{93693E67-A190-4866-9C62-BE8E2D186D1F}.Debug|x64.ActiveCfg = Debug|Any CPU
		{93693E67-A190-4866-9C62-BE8E2D186D1F}.Debug|x64.Build.0 = Debug|Any CPU
		{93693E67-A190-4866-9C62-BE8E2D186D1F}.Debug|x86.ActiveCfg = Debug|Any CPU
		{93693E67-A190-4866-9C62-BE8E2D186D1F}.Debug|x86.Build.0 = Debug|Any CPU
		{93693E67-A190-4866-9C62-BE8E2D186D1F}.Release|Any CPU.ActiveCfg = Release|Any CPU
		{93693E67-A190-4866-9C62-BE8E2D186D1F}.Release|Any CPU.Build.0 = Release|Any CPU
		{93693E67-A190-4866-9C62-BE8E2D186D1F}.Release|x64.ActiveCfg = Release|Any CPU
		{93693E67-A190-4866-9C62-BE8E2D186D1F}.Release|x64.Build.0 = Release|Any CPU
		{93693E67-A190-4866-9C62-BE8E2D186D1F}.Release|x86.ActiveCfg = Release|Any CPU
		{93693E67-A190-4866-9C62-BE8E2D186D1F}.Release|x86.Build.0 = Release|Any CPU
		{DFB670E2-E260-42B1-B092-413DFA87D904}.Debug|Any CPU.ActiveCfg = Debug|Any CPU
		{DFB670E2-E260-42B1-B092-413DFA87D904}.Debug|Any CPU.Build.0 = Debug|Any CPU
		{DFB670E2-E260-42B1-B092-413DFA87D904}.Debug|x64.ActiveCfg = Debug|Any CPU
		{DFB670E2-E260-42B1-B092-413DFA87D904}.Debug|x64.Build.0 = Debug|Any CPU
		{DFB670E2-E260-42B1-B092-413DFA87D904}.Debug|x86.ActiveCfg = Debug|Any CPU
		{DFB670E2-E260-42B1-B092-413DFA87D904}.Debug|x86.Build.0 = Debug|Any CPU
		{DFB670E2-E260-42B1-B092-413DFA87D904}.Release|Any CPU.ActiveCfg = Release|Any CPU
		{DFB670E2-E260-42B1-B092-413DFA87D904}.Release|Any CPU.Build.0 = Release|Any CPU
		{DFB670E2-E260-42B1-B092-413DFA87D904}.Release|x64.ActiveCfg = Release|Any CPU
		{DFB670E2-E260-42B1-B092-413DFA87D904}.Release|x64.Build.0 = Release|Any CPU
		{DFB670E2-E260-42B1-B092-413DFA87D904}.Release|x86.ActiveCfg = Release|Any CPU
		{DFB670E2-E260-42B1-B092-413DFA87D904}.Release|x86.Build.0 = Release|Any CPU
		{8A4013EE-85F1-4316-999B-339502C97F25}.Debug|Any CPU.ActiveCfg = Debug|Any CPU
		{8A4013EE-85F1-4316-999B-339502C97F25}.Debug|Any CPU.Build.0 = Debug|Any CPU
		{8A4013EE-85F1-4316-999B-339502C97F25}.Debug|x64.ActiveCfg = Debug|Any CPU
		{8A4013EE-85F1-4316-999B-339502C97F25}.Debug|x64.Build.0 = Debug|Any CPU
		{8A4013EE-85F1-4316-999B-339502C97F25}.Debug|x86.ActiveCfg = Debug|Any CPU
		{8A4013EE-85F1-4316-999B-339502C97F25}.Debug|x86.Build.0 = Debug|Any CPU
		{8A4013EE-85F1-4316-999B-339502C97F25}.Release|Any CPU.ActiveCfg = Release|Any CPU
		{8A4013EE-85F1-4316-999B-339502C97F25}.Release|Any CPU.Build.0 = Release|Any CPU
		{8A4013EE-85F1-4316-999B-339502C97F25}.Release|x64.ActiveCfg = Release|Any CPU
		{8A4013EE-85F1-4316-999B-339502C97F25}.Release|x64.Build.0 = Release|Any CPU
		{8A4013EE-85F1-4316-999B-339502C97F25}.Release|x86.ActiveCfg = Release|Any CPU
		{8A4013EE-85F1-4316-999B-339502C97F25}.Release|x86.Build.0 = Release|Any CPU
		{24E83595-A97B-45B2-9246-8FA73760AFA5}.Debug|Any CPU.ActiveCfg = Debug|Any CPU
		{24E83595-A97B-45B2-9246-8FA73760AFA5}.Debug|Any CPU.Build.0 = Debug|Any CPU
		{24E83595-A97B-45B2-9246-8FA73760AFA5}.Debug|x64.ActiveCfg = Debug|Any CPU
		{24E83595-A97B-45B2-9246-8FA73760AFA5}.Debug|x64.Build.0 = Debug|Any CPU
		{24E83595-A97B-45B2-9246-8FA73760AFA5}.Debug|x86.ActiveCfg = Debug|Any CPU
		{24E83595-A97B-45B2-9246-8FA73760AFA5}.Debug|x86.Build.0 = Debug|Any CPU
		{24E83595-A97B-45B2-9246-8FA73760AFA5}.Release|Any CPU.ActiveCfg = Release|Any CPU
		{24E83595-A97B-45B2-9246-8FA73760AFA5}.Release|Any CPU.Build.0 = Release|Any CPU
		{24E83595-A97B-45B2-9246-8FA73760AFA5}.Release|x64.ActiveCfg = Release|Any CPU
		{24E83595-A97B-45B2-9246-8FA73760AFA5}.Release|x64.Build.0 = Release|Any CPU
		{24E83595-A97B-45B2-9246-8FA73760AFA5}.Release|x86.ActiveCfg = Release|Any CPU
		{24E83595-A97B-45B2-9246-8FA73760AFA5}.Release|x86.Build.0 = Release|Any CPU
		{47AE14EE-C403-4B01-8EAA-E4E061CC07A8}.Debug|Any CPU.ActiveCfg = Debug|Any CPU
		{47AE14EE-C403-4B01-8EAA-E4E061CC07A8}.Debug|Any CPU.Build.0 = Debug|Any CPU
		{47AE14EE-C403-4B01-8EAA-E4E061CC07A8}.Debug|x64.ActiveCfg = Debug|Any CPU
		{47AE14EE-C403-4B01-8EAA-E4E061CC07A8}.Debug|x64.Build.0 = Debug|Any CPU
		{47AE14EE-C403-4B01-8EAA-E4E061CC07A8}.Debug|x86.ActiveCfg = Debug|Any CPU
		{47AE14EE-C403-4B01-8EAA-E4E061CC07A8}.Debug|x86.Build.0 = Debug|Any CPU
		{47AE14EE-C403-4B01-8EAA-E4E061CC07A8}.Release|Any CPU.ActiveCfg = Release|Any CPU
		{47AE14EE-C403-4B01-8EAA-E4E061CC07A8}.Release|Any CPU.Build.0 = Release|Any CPU
		{47AE14EE-C403-4B01-8EAA-E4E061CC07A8}.Release|x64.ActiveCfg = Release|Any CPU
		{47AE14EE-C403-4B01-8EAA-E4E061CC07A8}.Release|x64.Build.0 = Release|Any CPU
		{47AE14EE-C403-4B01-8EAA-E4E061CC07A8}.Release|x86.ActiveCfg = Release|Any CPU
		{47AE14EE-C403-4B01-8EAA-E4E061CC07A8}.Release|x86.Build.0 = Release|Any CPU
		{02CDD0F5-7405-4A91-9369-CADAC8258883}.Debug|Any CPU.ActiveCfg = Debug|Any CPU
		{02CDD0F5-7405-4A91-9369-CADAC8258883}.Debug|Any CPU.Build.0 = Debug|Any CPU
		{02CDD0F5-7405-4A91-9369-CADAC8258883}.Debug|x64.ActiveCfg = Debug|Any CPU
		{02CDD0F5-7405-4A91-9369-CADAC8258883}.Debug|x64.Build.0 = Debug|Any CPU
		{02CDD0F5-7405-4A91-9369-CADAC8258883}.Debug|x86.ActiveCfg = Debug|Any CPU
		{02CDD0F5-7405-4A91-9369-CADAC8258883}.Debug|x86.Build.0 = Debug|Any CPU
		{02CDD0F5-7405-4A91-9369-CADAC8258883}.Release|Any CPU.ActiveCfg = Release|Any CPU
		{02CDD0F5-7405-4A91-9369-CADAC8258883}.Release|Any CPU.Build.0 = Release|Any CPU
		{02CDD0F5-7405-4A91-9369-CADAC8258883}.Release|x64.ActiveCfg = Release|Any CPU
		{02CDD0F5-7405-4A91-9369-CADAC8258883}.Release|x64.Build.0 = Release|Any CPU
		{02CDD0F5-7405-4A91-9369-CADAC8258883}.Release|x86.ActiveCfg = Release|Any CPU
		{02CDD0F5-7405-4A91-9369-CADAC8258883}.Release|x86.Build.0 = Release|Any CPU
		{247124FF-EF1E-43E8-AACD-69D2E1E5D6DA}.Debug|Any CPU.ActiveCfg = Debug|Any CPU
		{247124FF-EF1E-43E8-AACD-69D2E1E5D6DA}.Debug|Any CPU.Build.0 = Debug|Any CPU
		{247124FF-EF1E-43E8-AACD-69D2E1E5D6DA}.Debug|x64.ActiveCfg = Debug|Any CPU
		{247124FF-EF1E-43E8-AACD-69D2E1E5D6DA}.Debug|x64.Build.0 = Debug|Any CPU
		{247124FF-EF1E-43E8-AACD-69D2E1E5D6DA}.Debug|x86.ActiveCfg = Debug|Any CPU
		{247124FF-EF1E-43E8-AACD-69D2E1E5D6DA}.Debug|x86.Build.0 = Debug|Any CPU
		{247124FF-EF1E-43E8-AACD-69D2E1E5D6DA}.Release|Any CPU.ActiveCfg = Release|Any CPU
		{247124FF-EF1E-43E8-AACD-69D2E1E5D6DA}.Release|Any CPU.Build.0 = Release|Any CPU
		{247124FF-EF1E-43E8-AACD-69D2E1E5D6DA}.Release|x64.ActiveCfg = Release|Any CPU
		{247124FF-EF1E-43E8-AACD-69D2E1E5D6DA}.Release|x64.Build.0 = Release|Any CPU
		{247124FF-EF1E-43E8-AACD-69D2E1E5D6DA}.Release|x86.ActiveCfg = Release|Any CPU
		{247124FF-EF1E-43E8-AACD-69D2E1E5D6DA}.Release|x86.Build.0 = Release|Any CPU
	EndGlobalSection
	GlobalSection(SolutionProperties) = preSolution
		HideSolutionNode = FALSE
	EndGlobalSection
	GlobalSection(NestedProjects) = preSolution
		{02CDD0F5-7405-4A91-9369-CADAC8258883} = {E4FD946A-1DB7-34F5-9FBF-060151E9D59B}
		{247124FF-EF1E-43E8-AACD-69D2E1E5D6DA} = {D74C04FC-88FE-FA6C-EDB0-73BEB01605A3}
	EndGlobalSection
EndGlobal
